
Microsoft Visual Studio Solution File, Format Version 12.00
# Visual Studio Version 16
VisualStudioVersion = 16.0.29025.244
MinimumVisualStudioVersion = 10.0.40219.1
Project("{00D1A9C2-B5F0-4AF3-8072-F6C62B433612}") = "DemoDBProj", "DemoDBProj\DemoDBProj.sqlproj", "{2086B9C7-5769-4364-A011-AFB930962F88}"
EndProject
Global
	GlobalSection(SolutionConfigurationPlatforms) = preSolution
		Debug|Any CPU = Debug|Any CPU
		Release|Any CPU = Release|Any CPU
	EndGlobalSection
	GlobalSection(ProjectConfigurationPlatforms) = postSolution
		{2086B9C7-5769-4364-A011-AFB930962F88}.Debug|Any CPU.ActiveCfg = Debug|Any CPU
		{2086B9C7-5769-4364-A011-AFB930962F88}.Debug|Any CPU.Build.0 = Debug|Any CPU
		{2086B9C7-5769-4364-A011-AFB930962F88}.Debug|Any CPU.Deploy.0 = Debug|Any CPU
		{2086B9C7-5769-4364-A011-AFB930962F88}.Release|Any CPU.ActiveCfg = Release|Any CPU
		{2086B9C7-5769-4364-A011-AFB930962F88}.Release|Any CPU.Build.0 = Release|Any CPU
		{2086B9C7-5769-4364-A011-AFB930962F88}.Release|Any CPU.Deploy.0 = Release|Any CPU
	EndGlobalSection
	GlobalSection(SolutionProperties) = preSolution
		HideSolutionNode = FALSE
	EndGlobalSection
	GlobalSection(ExtensibilityGlobals) = postSolution
		SolutionGuid = {D49B8E54-0AC2-4342-8042-E9C750ADD08E}
	EndGlobalSection
EndGlobal
